
Microsoft Visual Studio Solution File, Format Version 12.00
# Visual Studio Version 17
VisualStudioVersion = 17.13.35825.156 d17.13
MinimumVisualStudioVersion = 10.0.40219.1
Project("{54A90642-561A-4BB1-A94E-469ADEE60C69}") = "1", "1\1.esproj", "{37CCF760-B7A0-7E45-9BDB-2FB96D26528B}"
EndProject
Global
	GlobalSection(SolutionConfigurationPlatforms) = preSolution
		Debug|Any CPU = Debug|Any CPU
		Release|Any CPU = Release|Any CPU
	EndGlobalSection
	GlobalSection(ProjectConfigurationPlatforms) = postSolution
		{37CCF760-B7A0-7E45-9BDB-2FB96D26528B}.Debug|Any CPU.ActiveCfg = Debug|Any CPU
		{37CCF760-B7A0-7E45-9BDB-2FB96D26528B}.Debug|Any CPU.Build.0 = Debug|Any CPU
		{37CCF760-B7A0-7E45-9BDB-2FB96D26528B}.Debug|Any CPU.Deploy.0 = Debug|Any CPU
		{37CCF760-B7A0-7E45-9BDB-2FB96D26528B}.Release|Any CPU.ActiveCfg = Release|Any CPU
		{37CCF760-B7A0-7E45-9BDB-2FB96D26528B}.Release|Any CPU.Build.0 = Release|Any CPU
		{37CCF760-B7A0-7E45-9BDB-2FB96D26528B}.Release|Any CPU.Deploy.0 = Release|Any CPU
	EndGlobalSection
	GlobalSection(SolutionProperties) = preSolution
		HideSolutionNode = FALSE
	EndGlobalSection
	GlobalSection(ExtensibilityGlobals) = postSolution
		SolutionGuid = {57E65702-DE07-4957-8E1A-847A15EB6AE0}
	EndGlobalSection
EndGlobal
